// !$*UTF8*$!
{
	archiveVersion = 1;
	classes = {
	};
	objectVersion = 50;
	objects = {

/* Begin PBXBuildFile section */
		2B7D98892223E59C0012F4F8 /* AppDelegate.swift in Sources */ = {isa = PBXBuildFile; fileRef = 2B7D98882223E59C0012F4F8 /* AppDelegate.swift */; };
		2B7D988E2223E59C0012F4F8 /* Main.storyboard in Resources */ = {isa = PBXBuildFile; fileRef = 2B7D988C2223E59C0012F4F8 /* Main.storyboard */; };
		2B7D98902223E59F0012F4F8 /* Assets.xcassets in Resources */ = {isa = PBXBuildFile; fileRef = 2B7D988F2223E59F0012F4F8 /* Assets.xcassets */; };
		2B7D98932223E59F0012F4F8 /* LaunchScreen.storyboard in Resources */ = {isa = PBXBuildFile; fileRef = 2B7D98912223E59F0012F4F8 /* LaunchScreen.storyboard */; };
		2B7D989E2223E59F0012F4F8 /* SpringboardCollectionPagingHorizontalTests.swift in Sources */ = {isa = PBXBuildFile; fileRef = 2B7D989D2223E59F0012F4F8 /* SpringboardCollectionPagingHorizontalTests.swift */; };
		2B7D98A92223EC2E0012F4F8 /* SortcutCollectionViewCell.swift in Sources */ = {isa = PBXBuildFile; fileRef = 2B7D98A82223EC2E0012F4F8 /* SortcutCollectionViewCell.swift */; };
		2B7D98D12224358E0012F4F8 /* ShortcutsController.swift in Sources */ = {isa = PBXBuildFile; fileRef = 2B7D98D02224358E0012F4F8 /* ShortcutsController.swift */; };
		2B7D98D322252A3B0012F4F8 /* ShortcutsViewController.swift in Sources */ = {isa = PBXBuildFile; fileRef = 2B7D98D222252A3B0012F4F8 /* ShortcutsViewController.swift */; };
/* End PBXBuildFile section */

/* Begin PBXContainerItemProxy section */
		2B7D989A2223E59F0012F4F8 /* PBXContainerItemProxy */ = {
			isa = PBXContainerItemProxy;
			containerPortal = 2B7D987D2223E59C0012F4F8 /* Project object */;
			proxyType = 1;
			remoteGlobalIDString = 2B7D98842223E59C0012F4F8;
			remoteInfo = SpringboardCollectionPagingHorizontal;
		};
/* End PBXContainerItemProxy section */

/* Begin PBXFileReference section */
		2B7D98852223E59C0012F4F8 /* SpringboardCollectionPagingHorizontal.app */ = {isa = PBXFileReference; explicitFileType = wrapper.application; includeInIndex = 0; path = SpringboardCollectionPagingHorizontal.app; sourceTree = BUILT_PRODUCTS_DIR; };
		2B7D98882223E59C0012F4F8 /* AppDelegate.swift */ = {isa = PBXFileReference; lastKnownFileType = sourcecode.swift; path = AppDelegate.swift; sourceTree = "<group>"; };
		2B7D988D2223E59C0012F4F8 /* Base */ = {isa = PBXFileReference; lastKnownFileType = file.storyboard; name = Base; path = Base.lproj/Main.storyboard; sourceTree = "<group>"; };
		2B7D988F2223E59F0012F4F8 /* Assets.xcassets */ = {isa = PBXFileReference; lastKnownFileType = folder.assetcatalog; path = Assets.xcassets; sourceTree = "<group>"; };
		2B7D98922223E59F0012F4F8 /* Base */ = {isa = PBXFileReference; lastKnownFileType = file.storyboard; name = Base; path = Base.lproj/LaunchScreen.storyboard; sourceTree = "<group>"; };
		2B7D98942223E59F0012F4F8 /* Info.plist */ = {isa = PBXFileReference; lastKnownFileType = text.plist.xml; path = Info.plist; sourceTree = "<group>"; };
		2B7D98992223E59F0012F4F8 /* SpringboardCollectionPagingHorizontalTests.xctest */ = {isa = PBXFileReference; explicitFileType = wrapper.cfbundle; includeInIndex = 0; path = SpringboardCollectionPagingHorizontalTests.xctest; sourceTree = BUILT_PRODUCTS_DIR; };
		2B7D989D2223E59F0012F4F8 /* SpringboardCollectionPagingHorizontalTests.swift */ = {isa = PBXFileReference; lastKnownFileType = sourcecode.swift; path = SpringboardCollectionPagingHorizontalTests.swift; sourceTree = "<group>"; };
		2B7D989F2223E59F0012F4F8 /* Info.plist */ = {isa = PBXFileReference; lastKnownFileType = text.plist.xml; path = Info.plist; sourceTree = "<group>"; };
		2B7D98A82223EC2E0012F4F8 /* SortcutCollectionViewCell.swift */ = {isa = PBXFileReference; lastKnownFileType = sourcecode.swift; path = SortcutCollectionViewCell.swift; sourceTree = "<group>"; };
		2B7D98D02224358E0012F4F8 /* ShortcutsController.swift */ = {isa = PBXFileReference; lastKnownFileType = sourcecode.swift; path = ShortcutsController.swift; sourceTree = "<group>"; };
		2B7D98D222252A3B0012F4F8 /* ShortcutsViewController.swift */ = {isa = PBXFileReference; lastKnownFileType = sourcecode.swift; path = ShortcutsViewController.swift; sourceTree = "<group>"; };
/* End PBXFileReference section */

/* Begin PBXFrameworksBuildPhase section */
		2B7D98822223E59C0012F4F8 /* Frameworks */ = {
			isa = PBXFrameworksBuildPhase;
			buildActionMask = 2147483647;
			files = (
			);
			runOnlyForDeploymentPostprocessing = 0;
		};
		2B7D98962223E59F0012F4F8 /* Frameworks */ = {
			isa = PBXFrameworksBuildPhase;
			buildActionMask = 2147483647;
			files = (
			);
			runOnlyForDeploymentPostprocessing = 0;
		};
/* End PBXFrameworksBuildPhase section */

/* Begin PBXGroup section */
		2B7D987C2223E59C0012F4F8 = {
			isa = PBXGroup;
			children = (
				2B7D98872223E59C0012F4F8 /* SpringboardCollectionPagingHorizontal */,
				2B7D989C2223E59F0012F4F8 /* SpringboardCollectionPagingHorizontalTests */,
				2B7D98862223E59C0012F4F8 /* Products */,
			);
			sourceTree = "<group>";
		};
		2B7D98862223E59C0012F4F8 /* Products */ = {
			isa = PBXGroup;
			children = (
				2B7D98852223E59C0012F4F8 /* SpringboardCollectionPagingHorizontal.app */,
				2B7D98992223E59F0012F4F8 /* SpringboardCollectionPagingHorizontalTests.xctest */,
			);
			name = Products;
			sourceTree = "<group>";
		};
		2B7D98872223E59C0012F4F8 /* SpringboardCollectionPagingHorizontal */ = {
			isa = PBXGroup;
			children = (
				2B7D98D422252A820012F4F8 /* ShortcutsCollection */,
				2B7D98882223E59C0012F4F8 /* AppDelegate.swift */,
				2B7D988C2223E59C0012F4F8 /* Main.storyboard */,
				2B7D98D02224358E0012F4F8 /* ShortcutsController.swift */,
				2B7D988F2223E59F0012F4F8 /* Assets.xcassets */,
				2B7D98912223E59F0012F4F8 /* LaunchScreen.storyboard */,
				2B7D98942223E59F0012F4F8 /* Info.plist */,
			);
			path = SpringboardCollectionPagingHorizontal;
			sourceTree = "<group>";
		};
		2B7D989C2223E59F0012F4F8 /* SpringboardCollectionPagingHorizontalTests */ = {
			isa = PBXGroup;
			children = (
				2B7D989D2223E59F0012F4F8 /* SpringboardCollectionPagingHorizontalTests.swift */,
				2B7D989F2223E59F0012F4F8 /* Info.plist */,
			);
			path = SpringboardCollectionPagingHorizontalTests;
			sourceTree = "<group>";
		};
		2B7D98D422252A820012F4F8 /* ShortcutsCollection */ = {
			isa = PBXGroup;
			children = (
				2B7D98D222252A3B0012F4F8 /* ShortcutsViewController.swift */,
				2B7D98A82223EC2E0012F4F8 /* SortcutCollectionViewCell.swift */,
			);
			path = ShortcutsCollection;
			sourceTree = "<group>";
		};
/* End PBXGroup section */

/* Begin PBXNativeTarget section */
		2B7D98842223E59C0012F4F8 /* SpringboardCollectionPagingHorizontal */ = {
			isa = PBXNativeTarget;
			buildConfigurationList = 2B7D98A22223E59F0012F4F8 /* Build configuration list for PBXNativeTarget "SpringboardCollectionPagingHorizontal" */;
			buildPhases = (
				2B7D98812223E59C0012F4F8 /* Sources */,
				2B7D98822223E59C0012F4F8 /* Frameworks */,
				2B7D98832223E59C0012F4F8 /* Resources */,
			);
			buildRules = (
			);
			dependencies = (
			);
			name = SpringboardCollectionPagingHorizontal;
			productName = SpringboardCollectionPagingHorizontal;
			productReference = 2B7D98852223E59C0012F4F8 /* SpringboardCollectionPagingHorizontal.app */;
			productType = "com.apple.product-type.application";
		};
		2B7D98982223E59F0012F4F8 /* SpringboardCollectionPagingHorizontalTests */ = {
			isa = PBXNativeTarget;
			buildConfigurationList = 2B7D98A52223E59F0012F4F8 /* Build configuration list for PBXNativeTarget "SpringboardCollectionPagingHorizontalTests" */;
			buildPhases = (
				2B7D98952223E59F0012F4F8 /* Sources */,
				2B7D98962223E59F0012F4F8 /* Frameworks */,
				2B7D98972223E59F0012F4F8 /* Resources */,
			);
			buildRules = (
			);
			dependencies = (
				2B7D989B2223E59F0012F4F8 /* PBXTargetDependency */,
			);
			name = SpringboardCollectionPagingHorizontalTests;
			productName = SpringboardCollectionPagingHorizontalTests;
			productReference = 2B7D98992223E59F0012F4F8 /* SpringboardCollectionPagingHorizontalTests.xctest */;
			productType = "com.apple.product-type.bundle.unit-test";
		};
/* End PBXNativeTarget section */

/* Begin PBXProject section */
		2B7D987D2223E59C0012F4F8 /* Project object */ = {
			isa = PBXProject;
			attributes = {
				LastSwiftUpdateCheck = 1010;
				LastUpgradeCheck = 1010;
				ORGANIZATIONNAME = "Tanya Berezovsky";
				TargetAttributes = {
					2B7D98842223E59C0012F4F8 = {
						CreatedOnToolsVersion = 10.1;
					};
					2B7D98982223E59F0012F4F8 = {
						CreatedOnToolsVersion = 10.1;
						TestTargetID = 2B7D98842223E59C0012F4F8;
					};
				};
			};
			buildConfigurationList = 2B7D98802223E59C0012F4F8 /* Build configuration list for PBXProject "SpringboardCollectionPagingHorizontal" */;
			compatibilityVersion = "Xcode 9.3";
			developmentRegion = en;
			hasScannedForEncodings = 0;
			knownRegions = (
				en,
				Base,
			);
			mainGroup = 2B7D987C2223E59C0012F4F8;
			productRefGroup = 2B7D98862223E59C0012F4F8 /* Products */;
			projectDirPath = "";
			projectRoot = "";
			targets = (
				2B7D98842223E59C0012F4F8 /* SpringboardCollectionPagingHorizontal */,
				2B7D98982223E59F0012F4F8 /* SpringboardCollectionPagingHorizontalTests */,
			);
		};
/* End PBXProject section */

/* Begin PBXResourcesBuildPhase section */
		2B7D98832223E59C0012F4F8 /* Resources */ = {
			isa = PBXResourcesBuildPhase;
			buildActionMask = 2147483647;
			files = (
				2B7D98932223E59F0012F4F8 /* LaunchScreen.storyboard in Resources */,
				2B7D98902223E59F0012F4F8 /* Assets.xcassets in Resources */,
				2B7D988E2223E59C0012F4F8 /* Main.storyboard in Resources */,
			);
			runOnlyForDeploymentPostprocessing = 0;
		};
		2B7D98972223E59F0012F4F8 /* Resources */ = {
			isa = PBXResourcesBuildPhase;
			buildActionMask = 2147483647;
			files = (
			);
			runOnlyForDeploymentPostprocessing = 0;
		};
/* End PBXResourcesBuildPhase section */

/* Begin PBXSourcesBuildPhase section */
		2B7D98812223E59C0012F4F8 /* Sources */ = {
			isa = PBXSourcesBuildPhase;
			buildActionMask = 2147483647;
			files = (
				2B7D98892223E59C0012F4F8 /* AppDelegate.swift in Sources */,
				2B7D98D12224358E0012F4F8 /* ShortcutsController.swift in Sources */,
				2B7D98D322252A3B0012F4F8 /* ShortcutsViewController.swift in Sources */,
				2B7D98A92223EC2E0012F4F8 /* SortcutCollectionViewCell.swift in Sources */,
			);
			runOnlyForDeploymentPostprocessing = 0;
		};
		2B7D98952223E59F0012F4F8 /* Sources */ = {
			isa = PBXSourcesBuildPhase;
			buildActionMask = 2147483647;
			files = (
				2B7D989E2223E59F0012F4F8 /* SpringboardCollectionPagingHorizontalTests.swift in Sources */,
			);
			runOnlyForDeploymentPostprocessing = 0;
		};
/* End PBXSourcesBuildPhase section */

/* Begin PBXTargetDependency section */
		2B7D989B2223E59F0012F4F8 /* PBXTargetDependency */ = {
			isa = PBXTargetDependency;
			target = 2B7D98842223E59C0012F4F8 /* SpringboardCollectionPagingHorizontal */;
			targetProxy = 2B7D989A2223E59F0012F4F8 /* PBXContainerItemProxy */;
		};
/* End PBXTargetDependency section */

/* Begin PBXVariantGroup section */
		2B7D988C2223E59C0012F4F8 /* Main.storyboard */ = {
			isa = PBXVariantGroup;
			children = (
				2B7D988D2223E59C0012F4F8 /* Base */,
			);
			name = Main.storyboard;
			sourceTree = "<group>";
		};
		2B7D98912223E59F0012F4F8 /* LaunchScreen.storyboard */ = {
			isa = PBXVariantGroup;
			children = (
				2B7D98922223E59F0012F4F8 /* Base */,
			);
			name = LaunchScreen.storyboard;
			sourceTree = "<group>";
		};
/* End PBXVariantGroup section */

/* Begin XCBuildConfiguration section */
		2B7D98A02223E59F0012F4F8 /* Debug */ = {
			isa = XCBuildConfiguration;
			buildSettings = {
				ALWAYS_SEARCH_USER_PATHS = NO;
				CLANG_ANALYZER_NONNULL = YES;
				CLANG_ANALYZER_NUMBER_OBJECT_CONVERSION = YES_AGGRESSIVE;
				CLANG_CXX_LANGUAGE_STANDARD = "gnu++14";
				CLANG_CXX_LIBRARY = "libc++";
				CLANG_ENABLE_MODULES = YES;
				CLANG_ENABLE_OBJC_ARC = YES;
				CLANG_ENABLE_OBJC_WEAK = YES;
				CLANG_WARN_BLOCK_CAPTURE_AUTORELEASING = YES;
				CLANG_WARN_BOOL_CONVERSION = YES;
				CLANG_WARN_COMMA = YES;
				CLANG_WARN_CONSTANT_CONVERSION = YES;
				CLANG_WARN_DEPRECATED_OBJC_IMPLEMENTATIONS = YES;
				CLANG_WARN_DIRECT_OBJC_ISA_USAGE = YES_ERROR;
				CLANG_WARN_DOCUMENTATION_COMMENTS = YES;
				CLANG_WARN_EMPTY_BODY = YES;
				CLANG_WARN_ENUM_CONVERSION = YES;
				CLANG_WARN_INFINITE_RECURSION = YES;
				CLANG_WARN_INT_CONVERSION = YES;
				CLANG_WARN_NON_LITERAL_NULL_CONVERSION = YES;
				CLANG_WARN_OBJC_IMPLICIT_RETAIN_SELF = YES;
				CLANG_WARN_OBJC_LITERAL_CONVERSION = YES;
				CLANG_WARN_OBJC_ROOT_CLASS = YES_ERROR;
				CLANG_WARN_RANGE_LOOP_ANALYSIS = YES;
				CLANG_WARN_STRICT_PROTOTYPES = YES;
				CLANG_WARN_SUSPICIOUS_MOVE = YES;
				CLANG_WARN_UNGUARDED_AVAILABILITY = YES_AGGRESSIVE;
				CLANG_WARN_UNREACHABLE_CODE = YES;
				CLANG_WARN__DUPLICATE_METHOD_MATCH = YES;
				CODE_SIGN_IDENTITY = "iPhone Developer";
				COPY_PHASE_STRIP = NO;
				DEBUG_INFORMATION_FORMAT = dwarf;
				ENABLE_STRICT_OBJC_MSGSEND = YES;
				ENABLE_TESTABILITY = YES;
				GCC_C_LANGUAGE_STANDARD = gnu11;
				GCC_DYNAMIC_NO_PIC = NO;
				GCC_NO_COMMON_BLOCKS = YES;
				GCC_OPTIMIZATION_LEVEL = 0;
				GCC_PREPROCESSOR_DEFINITIONS = (
					"DEBUG=1",
					"$(inherited)",
				);
				GCC_WARN_64_TO_32_BIT_CONVERSION = YES;
				GCC_WARN_ABOUT_RETURN_TYPE = YES_ERROR;
				GCC_WARN_UNDECLARED_SELECTOR = YES;
				GCC_WARN_UNINITIALIZED_AUTOS = YES_AGGRESSIVE;
				GCC_WARN_UNUSED_FUNCTION = YES;
				GCC_WARN_UNUSED_VARIABLE = YES;
				IPHONEOS_DEPLOYMENT_TARGET = 12.1;
				MTL_ENABLE_DEBUG_INFO = INCLUDE_SOURCE;
				MTL_FAST_MATH = YES;
				ONLY_ACTIVE_ARCH = YES;
				SDKROOT = iphoneos;
				SWIFT_ACTIVE_COMPILATION_CONDITIONS = DEBUG;
				SWIFT_OPTIMIZATION_LEVEL = "-Onone";
			};
			name = Debug;
		};
		2B7D98A12223E59F0012F4F8 /* Release */ = {
			isa = XCBuildConfiguration;
			buildSettings = {
				ALWAYS_SEARCH_USER_PATHS = NO;
				CLANG_ANALYZER_NONNULL = YES;
				CLANG_ANALYZER_NUMBER_OBJECT_CONVERSION = YES_AGGRESSIVE;
				CLANG_CXX_LANGUAGE_STANDARD = "gnu++14";
				CLANG_CXX_LIBRARY = "libc++";
				CLANG_ENABLE_MODULES = YES;
				CLANG_ENABLE_OBJC_ARC = YES;
				CLANG_ENABLE_OBJC_WEAK = YES;
				CLANG_WARN_BLOCK_CAPTURE_AUTORELEASING = YES;
				CLANG_WARN_BOOL_CONVERSION = YES;
				CLANG_WARN_COMMA = YES;
				CLANG_WARN_CONSTANT_CONVERSION = YES;
				CLANG_WARN_DEPRECATED_OBJC_IMPLEMENTATIONS = YES;
				CLANG_WARN_DIRECT_OBJC_ISA_USAGE = YES_ERROR;
				CLANG_WARN_DOCUMENTATION_COMMENTS = YES;
				CLANG_WARN_EMPTY_BODY = YES;
				CLANG_WARN_ENUM_CONVERSION = YES;
				CLANG_WARN_INFINITE_RECURSION = YES;
				CLANG_WARN_INT_CONVERSION = YES;
				CLANG_WARN_NON_LITERAL_NULL_CONVERSION = YES;
				CLANG_WARN_OBJC_IMPLICIT_RETAIN_SELF = YES;
				CLANG_WARN_OBJC_LITERAL_CONVERSION = YES;
				CLANG_WARN_OBJC_ROOT_CLASS = YES_ERROR;
				CLANG_WARN_RANGE_LOOP_ANALYSIS = YES;
				CLANG_WARN_STRICT_PROTOTYPES = YES;
				CLANG_WARN_SUSPICIOUS_MOVE = YES;
				CLANG_WARN_UNGUARDED_AVAILABILITY = YES_AGGRESSIVE;
				CLANG_WARN_UNREACHABLE_CODE = YES;
				CLANG_WARN__DUPLICATE_METHOD_MATCH = YES;
				CODE_SIGN_IDENTITY = "iPhone Developer";
				COPY_PHASE_STRIP = NO;
				DEBUG_INFORMATION_FORMAT = "dwarf-with-dsym";
				ENABLE_NS_ASSERTIONS = NO;
				ENABLE_STRICT_OBJC_MSGSEND = YES;
				GCC_C_LANGUAGE_STANDARD = gnu11;
				GCC_NO_COMMON_BLOCKS = YES;
				GCC_WARN_64_TO_32_BIT_CONVERSION = YES;
				GCC_WARN_ABOUT_RETURN_TYPE = YES_ERROR;
				GCC_WARN_UNDECLARED_SELECTOR = YES;
				GCC_WARN_UNINITIALIZED_AUTOS = YES_AGGRESSIVE;
				GCC_WARN_UNUSED_FUNCTION = YES;
				GCC_WARN_UNUSED_VARIABLE = YES;
				IPHONEOS_DEPLOYMENT_TARGET = 12.1;
				MTL_ENABLE_DEBUG_INFO = NO;
				MTL_FAST_MATH = YES;
				SDKROOT = iphoneos;
				SWIFT_COMPILATION_MODE = wholemodule;
				SWIFT_OPTIMIZATION_LEVEL = "-O";
				VALIDATE_PRODUCT = YES;
			};
			name = Release;
		};
		2B7D98A32223E59F0012F4F8 /* Debug */ = {
			isa = XCBuildConfiguration;
			buildSettings = {
				ASSETCATALOG_COMPILER_APPICON_NAME = AppIcon;
				CODE_SIGN_STYLE = Automatic;
				DEVELOPMENT_TEAM = 36B2GZZ9DF;
				INFOPLIST_FILE = SpringboardCollectionPagingHorizontal/Info.plist;
				LD_RUNPATH_SEARCH_PATHS = (
					"$(inherited)",
					"@executable_path/Frameworks",
				);
				PRODUCT_BUNDLE_IDENTIFIER = com.Crow.Crow.SpringboardCollectionPagingHorizontal;
				PRODUCT_NAME = "$(TARGET_NAME)";
				SWIFT_VERSION = 4.2;
				TARGETED_DEVICE_FAMILY = "1,2";
			};
			name = Debug;
		};
		2B7D98A42223E59F0012F4F8 /* Release */ = {
			isa = XCBuildConfiguration;
			buildSettings = {
				ASSETCATALOG_COMPILER_APPICON_NAME = AppIcon;
				CODE_SIGN_STYLE = Automatic;
				DEVELOPMENT_TEAM = 36B2GZZ9DF;
				INFOPLIST_FILE = SpringboardCollectionPagingHorizontal/Info.plist;
				LD_RUNPATH_SEARCH_PATHS = (
					"$(inherited)",
					"@executable_path/Frameworks",
				);
				PRODUCT_BUNDLE_IDENTIFIER = com.Crow.Crow.SpringboardCollectionPagingHorizontal;
				PRODUCT_NAME = "$(TARGET_NAME)";
				SWIFT_VERSION = 4.2;
				TARGETED_DEVICE_FAMILY = "1,2";
			};
			name = Release;
		};
		2B7D98A62223E59F0012F4F8 /* Debug */ = {
			isa = XCBuildConfiguration;
			buildSettings = {
				ALWAYS_EMBED_SWIFT_STANDARD_LIBRARIES = YES;
				BUNDLE_LOADER = "$(TEST_HOST)";
				CODE_SIGN_STYLE = Automatic;
				DEVELOPMENT_TEAM = 36B2GZZ9DF;
				INFOPLIST_FILE = SpringboardCollectionPagingHorizontalTests/Info.plist;
				LD_RUNPATH_SEARCH_PATHS = (
					"$(inherited)",
					"@executable_path/Frameworks",
					"@loader_path/Frameworks",
				);
				PRODUCT_BUNDLE_IDENTIFIER = com.Crow.Crow.SpringboardCollectionPagingHorizontalTests;
				PRODUCT_NAME = "$(TARGET_NAME)";
				SWIFT_VERSION = 4.2;
				TARGETED_DEVICE_FAMILY = "1,2";
				TEST_HOST = "$(BUILT_PRODUCTS_DIR)/SpringboardCollectionPagingHorizontal.app/SpringboardCollectionPagingHorizontal";
			};
			name = Debug;
		};
		2B7D98A72223E59F0012F4F8 /* Release */ = {
			isa = XCBuildConfiguration;
			buildSettings = {
				ALWAYS_EMBED_SWIFT_STANDARD_LIBRARIES = YES;
				BUNDLE_LOADER = "$(TEST_HOST)";
				CODE_SIGN_STYLE = Automatic;
				DEVELOPMENT_TEAM = 36B2GZZ9DF;
				INFOPLIST_FILE = SpringboardCollectionPagingHorizontalTests/Info.plist;
				LD_RUNPATH_SEARCH_PATHS = (
					"$(inherited)",
					"@executable_path/Frameworks",
					"@loader_path/Frameworks",
				);
				PRODUCT_BUNDLE_IDENTIFIER = com.Crow.Crow.SpringboardCollectionPagingHorizontalTests;
				PRODUCT_NAME = "$(TARGET_NAME)";
				SWIFT_VERSION = 4.2;
				TARGETED_DEVICE_FAMILY = "1,2";
				TEST_HOST = "$(BUILT_PRODUCTS_DIR)/SpringboardCollectionPagingHorizontal.app/SpringboardCollectionPagingHorizontal";
			};
			name = Release;
		};
/* End XCBuildConfiguration section */

/* Begin XCConfigurationList section */
		2B7D98802223E59C0012F4F8 /* Build configuration list for PBXProject "SpringboardCollectionPagingHorizontal" */ = {
			isa = XCConfigurationList;
			buildConfigurations = (
				2B7D98A02223E59F0012F4F8 /* Debug */,
				2B7D98A12223E59F0012F4F8 /* Release */,
			);
			defaultConfigurationIsVisible = 0;
			defaultConfigurationName = Release;
		};
		2B7D98A22223E59F0012F4F8 /* Build configuration list for PBXNativeTarget "SpringboardCollectionPagingHorizontal" */ = {
			isa = XCConfigurationList;
			buildConfigurations = (
				2B7D98A32223E59F0012F4F8 /* Debug */,
				2B7D98A42223E59F0012F4F8 /* Release */,
			);
			defaultConfigurationIsVisible = 0;
			defaultConfigurationName = Release;
		};
		2B7D98A52223E59F0012F4F8 /* Build configuration list for PBXNativeTarget "SpringboardCollectionPagingHorizontalTests" */ = {
			isa = XCConfigurationList;
			buildConfigurations = (
				2B7D98A62223E59F0012F4F8 /* Debug */,
				2B7D98A72223E59F0012F4F8 /* Release */,
			);
			defaultConfigurationIsVisible = 0;
			defaultConfigurationName = Release;
		};
/* End XCConfigurationList section */
	};
	rootObject = 2B7D987D2223E59C0012F4F8 /* Project object */;
}
